
Microsoft Visual Studio Solution File, Format Version 12.00
# Visual Studio Version 17
VisualStudioVersion = 17.3.32929.385
MinimumVisualStudioVersion = 10.0.40219.1
Project("{FAE04EC0-301F-11D3-BF4B-00C04F79EFBC}") = "TrainingApplication.UI", "TrainingApplication.UI\TrainingApplication.UI.csproj", "{5F83C935-C425-42F7-A42E-2248C741D956}"
EndProject
Project("{FAE04EC0-301F-11D3-BF4B-00C04F79EFBC}") = "TrainingApplication.ViewModels", "TrainingApplication.ViewModels\TrainingApplication.ViewModels.csproj", "{6429F0D0-D38B-430D-BC2A-0F1FB980D525}"
EndProject
Project("{FAE04EC0-301F-11D3-BF4B-00C04F79EFBC}") = "TrainingApplication.Core", "TrainingApplication.Core\TrainingApplication.Core.csproj", "{DB9258BB-5AD9-43C0-B13F-4BC5000ABF72}"
EndProject
Global
	GlobalSection(SolutionConfigurationPlatforms) = preSolution
		Debug|Any CPU = Debug|Any CPU
		Release|Any CPU = Release|Any CPU
	EndGlobalSection
	GlobalSection(ProjectConfigurationPlatforms) = postSolution
		{5F83C935-C425-42F7-A42E-2248C741D956}.Debug|Any CPU.ActiveCfg = Debug|Any CPU
		{5F83C935-C425-42F7-A42E-2248C741D956}.Debug|Any CPU.Build.0 = Debug|Any CPU
		{5F83C935-C425-42F7-A42E-2248C741D956}.Release|Any CPU.ActiveCfg = Release|Any CPU
		{5F83C935-C425-42F7-A42E-2248C741D956}.Release|Any CPU.Build.0 = Release|Any CPU
		{6429F0D0-D38B-430D-BC2A-0F1FB980D525}.Debug|Any CPU.ActiveCfg = Debug|Any CPU
		{6429F0D0-D38B-430D-BC2A-0F1FB980D525}.Debug|Any CPU.Build.0 = Debug|Any CPU
		{6429F0D0-D38B-430D-BC2A-0F1FB980D525}.Release|Any CPU.ActiveCfg = Release|Any CPU
		{6429F0D0-D38B-430D-BC2A-0F1FB980D525}.Release|Any CPU.Build.0 = Release|Any CPU
		{DB9258BB-5AD9-43C0-B13F-4BC5000ABF72}.Debug|Any CPU.ActiveCfg = Debug|Any CPU
		{DB9258BB-5AD9-43C0-B13F-4BC5000ABF72}.Debug|Any CPU.Build.0 = Debug|Any CPU
		{DB9258BB-5AD9-43C0-B13F-4BC5000ABF72}.Release|Any CPU.ActiveCfg = Release|Any CPU
		{DB9258BB-5AD9-43C0-B13F-4BC5000ABF72}.Release|Any CPU.Build.0 = Release|Any CPU
	EndGlobalSection
	GlobalSection(SolutionProperties) = preSolution
		HideSolutionNode = FALSE
	EndGlobalSection
	GlobalSection(ExtensibilityGlobals) = postSolution
		SolutionGuid = {07E41E68-9504-4C9F-9736-8CA23F138128}
	EndGlobalSection
EndGlobal
